// !$*UTF8*$!
{
	archiveVersion = 1;
	classes = {
	};
	objectVersion = 46;
	objects = {

/* Begin PBXBuildFile section */
		4EDA24238FE1FD4585E02A40 /* Localizable.strings in Resources */ = {isa = PBXBuildFile; fileRef = 4EDA2F1AE5338228769A193A /* Localizable.strings */; };
		66096AA5212BF4FB0079A5B1 /* images.xcassets in Resources */ = {isa = PBXBuildFile; fileRef = 66096AA4212BF4FB0079A5B1 /* images.xcassets */; };
		660C82DF1ECF1EBC0048F831 /* BlueSTSDKLibLicenseTableViewController.swift in Sources */ = {isa = PBXBuildFile; fileRef = 660C82DE1ECF1EBC0048F831 /* BlueSTSDKLibLicenseTableViewController.swift */; };
		660C82E31ECF1F5F0048F831 /* BlueSTSDKLibLicenseDetailsViewController.swift in Sources */ = {isa = PBXBuildFile; fileRef = 660C82E21ECF1F5F0048F831 /* BlueSTSDKLibLicenseDetailsViewController.swift */; };
		660C82E51ECF1FFD0048F831 /* BlueSTSDKAboutViewController.swift in Sources */ = {isa = PBXBuildFile; fileRef = 660C82E41ECF1FFD0048F831 /* BlueSTSDKAboutViewController.swift */; };
		660D355C20E25B0B00E73004 /* BlueSTSDKDemoViewProtocol.swift in Sources */ = {isa = PBXBuildFile; fileRef = 660D355B20E25B0B00E73004 /* BlueSTSDKDemoViewProtocol.swift */; };
		660D355E20E25E0300E73004 /* BlueSTSDKViewControllerMenuDelegate.swift in Sources */ = {isa = PBXBuildFile; fileRef = 660D355D20E25E0300E73004 /* BlueSTSDKViewControllerMenuDelegate.swift */; };
		660D356020E267E300E73004 /* BlueSTSDKNodeListViewController.swift in Sources */ = {isa = PBXBuildFile; fileRef = 660D355F20E267E300E73004 /* BlueSTSDKNodeListViewController.swift */; };
		660D356920E2812400E73004 /* BlueSTSDKDemoViewController.swift in Sources */ = {isa = PBXBuildFile; fileRef = 660D356820E2812400E73004 /* BlueSTSDKDemoViewController.swift */; };
		6614EB4E20E3743600D991B9 /* BlueSTSDKMainViewController.swift in Sources */ = {isa = PBXBuildFile; fileRef = 6614EB4D20E3743600D991B9 /* BlueSTSDKMainViewController.swift */; };
		6614EB5020E38C5B00D991B9 /* UIViewController+BlueSTSDK.swift in Sources */ = {isa = PBXBuildFile; fileRef = 6614EB4F20E38C5B00D991B9 /* UIViewController+BlueSTSDK.swift */; };
		661F5372228081FA00E342DB /* BlueSTSDKAskFwUpgradeDialog.swift in Sources */ = {isa = PBXBuildFile; fileRef = 661F5371228081FA00E342DB /* BlueSTSDKAskFwUpgradeDialog.swift */; };
		662734C1221ED84B00405839 /* BlueNRGOtaAdvertiseParser.swift in Sources */ = {isa = PBXBuildFile; fileRef = 662734C0221ED84B00405839 /* BlueNRGOtaAdvertiseParser.swift */; };
		662734C3221ED91700405839 /* BlueNRGFwUpgradeConsole.swift in Sources */ = {isa = PBXBuildFile; fileRef = 662734C2221ED91700405839 /* BlueNRGFwUpgradeConsole.swift */; };
		662734C5221ED93300405839 /* BlueNRGFwVersionConsole.swift in Sources */ = {isa = PBXBuildFile; fileRef = 662734C4221ED93300405839 /* BlueNRGFwVersionConsole.swift */; };
		662734CA221EDF7500405839 /* BlueNRGMemoryInfoFeature.swift in Sources */ = {isa = PBXBuildFile; fileRef = 662734C9221EDF7500405839 /* BlueNRGMemoryInfoFeature.swift */; };
		662734CC221EDFA100405839 /* BlueNRGOtaUtils.swift in Sources */ = {isa = PBXBuildFile; fileRef = 662734CB221EDFA100405839 /* BlueNRGOtaUtils.swift */; };
		662734DE2220235300405839 /* BlueNRGFwUpgradeSettingsFature.swift in Sources */ = {isa = PBXBuildFile; fileRef = 662734DD2220235300405839 /* BlueNRGFwUpgradeSettingsFature.swift */; };
		662734E02220406D00405839 /* BlueNRGFwUpgradeAckFature.swift in Sources */ = {isa = PBXBuildFile; fileRef = 662734DF2220406D00405839 /* BlueNRGFwUpgradeAckFature.swift */; };
		662734E22220408300405839 /* BlueNRGFwUpgradeDataTransferFature.swift in Sources */ = {isa = PBXBuildFile; fileRef = 662734E12220408300405839 /* BlueNRGFwUpgradeDataTransferFature.swift */; };
		6628202320DBCAB400F8B5DE /* BlueSTSDKSTM32CRC.swift in Sources */ = {isa = PBXBuildFile; fileRef = 6628202220DBCAB400F8B5DE /* BlueSTSDKSTM32CRC.swift */; };
		663979191E2E5D0000FBF696 /* BlueSTSDK_Gui.h in Headers */ = {isa = PBXBuildFile; fileRef = 663979171E2E5D0000FBF696 /* BlueSTSDK_Gui.h */; settings = {ATTRIBUTES = (Public, ); }; };
		663979C31E2E5D4100FBF696 /* board_generic.png in Resources */ = {isa = PBXBuildFile; fileRef = 663979751E2E5D4100FBF696 /* board_generic.png */; };
		663979C41E2E5D4100FBF696 /* st_images_LanchScreen.xcassets in Resources */ = {isa = PBXBuildFile; fileRef = 663979761E2E5D4100FBF696 /* st_images_LanchScreen.xcassets */; };
		663979C51E2E5D4100FBF696 /* MBProgressHUD.h in Headers */ = {isa = PBXBuildFile; fileRef = 663979791E2E5D4100FBF696 /* MBProgressHUD.h */; settings = {ATTRIBUTES = (Public, ); }; };
		663979C61E2E5D4100FBF696 /* MBProgressHUD.m in Sources */ = {isa = PBXBuildFile; fileRef = 6639797A1E2E5D4100FBF696 /* MBProgressHUD.m */; };
		663979EA1E2E63AC00FBF696 /* UIKit.framework in Frameworks */ = {isa = PBXBuildFile; fileRef = 663979E91E2E63AC00FBF696 /* UIKit.framework */; };
		663FDA861F5E9670001481BC /* BlueSTSDKDownloadFileViewController.swift in Sources */ = {isa = PBXBuildFile; fileRef = 663FDA851F5E9670001481BC /* BlueSTSDKDownloadFileViewController.swift */; };
		663FDA891F5EF568001481BC /* BlueSTSDKFwUpgradeManagerViewController.swift in Headers */ = {isa = PBXBuildFile; fileRef = 665D325A1F5D80F900D76AEA /* BlueSTSDKFwUpgradeManagerViewController.swift */; settings = {ATTRIBUTES = (Public, ); }; };
		664AD5DE215A79EC0039F417 /* BlueSTSDKNode+typeImage.swift in Sources */ = {isa = PBXBuildFile; fileRef = 664AD5DD215A79EC0039F417 /* BlueSTSDKNode+typeImage.swift */; };
		665A2E2920DD2557003088DD /* BlueSTSDKFwVersionReadConsole.swift in Sources */ = {isa = PBXBuildFile; fileRef = 665A2E2720DD2557003088DD /* BlueSTSDKFwVersionReadConsole.swift */; };
		665A2E2A20DD2557003088DD /* BlueSTSDKFwVersionReadConsoleNucleo.swift in Sources */ = {isa = PBXBuildFile; fileRef = 665A2E2820DD2557003088DD /* BlueSTSDKFwVersionReadConsoleNucleo.swift */; };
		665A2E2C20DD2564003088DD /* BlueSTSDKFwConsoleUtil.swift in Sources */ = {isa = PBXBuildFile; fileRef = 665A2E2B20DD2564003088DD /* BlueSTSDKFwConsoleUtil.swift */; };
		665D32571F5D468700D76AEA /* BlueSTSDKFwUpgradeProgressViewController.swift in Sources */ = {isa = PBXBuildFile; fileRef = 665D32561F5D468700D76AEA /* BlueSTSDKFwUpgradeProgressViewController.swift */; };
		665D325B1F5D80F900D76AEA /* BlueSTSDKFwUpgradeManagerViewController.swift in Sources */ = {isa = PBXBuildFile; fileRef = 665D325A1F5D80F900D76AEA /* BlueSTSDKFwUpgradeManagerViewController.swift */; settings = {ATTRIBUTES = (Public, ); }; };
		666A246B20EB39C300632764 /* BlueSTSDKDebugConsoleViewController.swift in Sources */ = {isa = PBXBuildFile; fileRef = 666A246A20EB39C300632764 /* BlueSTSDKDebugConsoleViewController.swift */; };
		666F79CC20E0D80600A482C9 /* BlueSTSDKFwUpgradeConsole.swift in Sources */ = {isa = PBXBuildFile; fileRef = 666F79CB20E0D80600A482C9 /* BlueSTSDKFwUpgradeConsole.swift */; };
		666F79D020E0DBD300A482C9 /* BlueSTSDKFwUpgradeConsoleNucleo.swift in Sources */ = {isa = PBXBuildFile; fileRef = 666F79CF20E0DBD300A482C9 /* BlueSTSDKFwUpgradeConsoleNucleo.swift */; };
		668A12711E3A369A00D99490 /* BlueSTSDK_GUI_images.xcassets in Resources */ = {isa = PBXBuildFile; fileRef = 668A12701E3A369A00D99490 /* BlueSTSDK_GUI_images.xcassets */; };
		66C252C422B7D620007C8D3C /* BlueSTSDKFwUpgradeConsoleNucleo2.swift in Sources */ = {isa = PBXBuildFile; fileRef = 66C252C122B7D620007C8D3C /* BlueSTSDKFwUpgradeConsoleNucleo2.swift */; };
		66C2AB2921C3ABA000E41E73 /* BlueSTSDK.framework in Frameworks */ = {isa = PBXBuildFile; fileRef = 663979D11E2E5F9600FBF696 /* BlueSTSDK.framework */; };
		66C9DFB5212AFAE9005B5633 /* STM32WBThreadRebootFeature.swift in Sources */ = {isa = PBXBuildFile; fileRef = 66C9DFB4212AFAE9005B5633 /* STM32WBThreadRebootFeature.swift */; };
		66D5FDBC1EA74914005D8AE9 /* DebugConsoleMainView.storyboard in Resources */ = {isa = PBXBuildFile; fileRef = 66D5FDBE1EA74914005D8AE9 /* DebugConsoleMainView.storyboard */; };
		66D5FDBF1EA74920005D8AE9 /* FwUpgrade.storyboard in Resources */ = {isa = PBXBuildFile; fileRef = 66D5FDC11EA74920005D8AE9 /* FwUpgrade.storyboard */; };
		66D5FDD41EA76EA1005D8AE9 /* BlueSTSDKMainView.storyboard in Resources */ = {isa = PBXBuildFile; fileRef = 66D5FDD61EA76EA1005D8AE9 /* BlueSTSDKMainView.storyboard */; };
		66F7B43B21133199000FD126 /* BlueSTSDKFwReadVersionConsoleSTM32WB.swift in Sources */ = {isa = PBXBuildFile; fileRef = 66F7B42421133199000FD126 /* BlueSTSDKFwReadVersionConsoleSTM32WB.swift */; };
		66F7B43C21133199000FD126 /* BlueSTSDKFwUpgradeConsoleSTM32WB.swift in Sources */ = {isa = PBXBuildFile; fileRef = 66F7B42521133199000FD126 /* BlueSTSDKFwUpgradeConsoleSTM32WB.swift */; };
		66F7B43D21133199000FD126 /* BlueSTSDKSTM32OTAUtils.swift in Sources */ = {isa = PBXBuildFile; fileRef = 66F7B42621133199000FD126 /* BlueSTSDKSTM32OTAUtils.swift */; };
		66F7B43E21133199000FD126 /* BlueSTSDKSTM32WBOTAControlFeature.swift in Sources */ = {isa = PBXBuildFile; fileRef = 66F7B42821133199000FD126 /* BlueSTSDKSTM32WBOTAControlFeature.swift */; };
		66F7B43F21133199000FD126 /* BlueSTSDKSTM32WBOtaUploadFeature.swift in Sources */ = {isa = PBXBuildFile; fileRef = 66F7B42921133199000FD126 /* BlueSTSDKSTM32WBOtaUploadFeature.swift */; };
		66F7B44021133199000FD126 /* BlueSTSDKSTM32WBOTAWillRebootFeature.swift in Sources */ = {isa = PBXBuildFile; fileRef = 66F7B42A21133199000FD126 /* BlueSTSDKSTM32WBOTAWillRebootFeature.swift */; };
		66F7B44121133199000FD126 /* BlueSTSDKSTM32WBRebootOtaModeFeature.swift in Sources */ = {isa = PBXBuildFile; fileRef = 66F7B42B21133199000FD126 /* BlueSTSDKSTM32WBRebootOtaModeFeature.swift */; };
		66F7B44221133199000FD126 /* BlueSTSDKSeachOtaNodeViewController.swift in Sources */ = {isa = PBXBuildFile; fileRef = 66F7B42D21133199000FD126 /* BlueSTSDKSeachOtaNodeViewController.swift */; };
		66F7B44321133199000FD126 /* BlueSTSDKStartOtaConfigViewController.swift in Sources */ = {isa = PBXBuildFile; fileRef = 66F7B42F21133199000FD126 /* BlueSTSDKStartOtaConfigViewController.swift */; };
		66F7B44421133199000FD126 /* STM32WBOta.storyboard in Resources */ = {isa = PBXBuildFile; fileRef = 66F7B43021133199000FD126 /* STM32WBOta.storyboard */; };
		66F7B44521133199000FD126 /* STM32WBControlLedFeature.swift in Sources */ = {isa = PBXBuildFile; fileRef = 66F7B43321133199000FD126 /* STM32WBControlLedFeature.swift */; };
		66F7B44621133199000FD126 /* STM32WBNetworkStatusFeature.swift in Sources */ = {isa = PBXBuildFile; fileRef = 66F7B43421133199000FD126 /* STM32WBNetworkStatusFeature.swift */; };
		66F7B44721133199000FD126 /* STM32WBPeer2PeerDemoConfiguration.swift in Sources */ = {isa = PBXBuildFile; fileRef = 66F7B43521133199000FD126 /* STM32WBPeer2PeerDemoConfiguration.swift */; };
		66F7B44821133199000FD126 /* STM32WBSwitchStatusFeature.swift in Sources */ = {isa = PBXBuildFile; fileRef = 66F7B43621133199000FD126 /* STM32WBSwitchStatusFeature.swift */; };
		66F7B44921133199000FD126 /* STM32LedButtonViewController.swift in Sources */ = {isa = PBXBuildFile; fileRef = 66F7B43721133199000FD126 /* STM32LedButtonViewController.swift */; };
		66F7B44A21133199000FD126 /* STM32LedNetworkViewController.swift in Sources */ = {isa = PBXBuildFile; fileRef = 66F7B43821133199000FD126 /* STM32LedNetworkViewController.swift */; };
		66F7B44B21133199000FD126 /* STM32RSSIUpdateViewController.swift in Sources */ = {isa = PBXBuildFile; fileRef = 66F7B43921133199000FD126 /* STM32RSSIUpdateViewController.swift */; };
		66F7B44C21133199000FD126 /* STM32WB_P2PDemo.storyboard in Resources */ = {isa = PBXBuildFile; fileRef = 66F7B43A21133199000FD126 /* STM32WB_P2PDemo.storyboard */; };
		66F7B45021133800000FD126 /* Assets.xcassets in Resources */ = {isa = PBXBuildFile; fileRef = 66F7B44F21133800000FD126 /* Assets.xcassets */; };
		66F7B45221133DAD000FD126 /* st_images.xcassets in Resources */ = {isa = PBXBuildFile; fileRef = 66F7B45121133DAC000FD126 /* st_images.xcassets */; };
/* End PBXBuildFile section */

/* Begin PBXContainerItemProxy section */
		663979D01E2E5F9600FBF696 /* PBXContainerItemProxy */ = {
			isa = PBXContainerItemProxy;
			containerPortal = 663979CB1E2E5F9600FBF696 /* BlueSTSDK.xcodeproj */;
			proxyType = 2;
			remoteGlobalIDString = 665241F01B0B1BB100931F93;
			remoteInfo = BlueSTSDK;
		};
		663979D21E2E5F9600FBF696 /* PBXContainerItemProxy */ = {
			isa = PBXContainerItemProxy;
			containerPortal = 663979CB1E2E5F9600FBF696 /* BlueSTSDK.xcodeproj */;
			proxyType = 2;
			remoteGlobalIDString = 665241FB1B0B1BB100931F93;
			remoteInfo = BlueSTSDKTests;
		};
/* End PBXContainerItemProxy section */

/* Begin PBXFileReference section */
		4EDA2F1AE5338228769A193A /* Localizable.strings */ = {isa = PBXFileReference; fileEncoding = 2483028224; lastKnownFileType = text.plist.strings; path = Localizable.strings; sourceTree = "<group>"; };
		66096AA4212BF4FB0079A5B1 /* images.xcassets */ = {isa = PBXFileReference; lastKnownFileType = folder.assetcatalog; path = images.xcassets; sourceTree = "<group>"; };
		660C82DE1ECF1EBC0048F831 /* BlueSTSDKLibLicenseTableViewController.swift */ = {isa = PBXFileReference; fileEncoding = 4; lastKnownFileType = sourcecode.swift; path = BlueSTSDKLibLicenseTableViewController.swift; sourceTree = "<group>"; };
		660C82E21ECF1F5F0048F831 /* BlueSTSDKLibLicenseDetailsViewController.swift */ = {isa = PBXFileReference; fileEncoding = 4; lastKnownFileType = sourcecode.swift; path = BlueSTSDKLibLicenseDetailsViewController.swift; sourceTree = "<group>"; };
		660C82E41ECF1FFD0048F831 /* BlueSTSDKAboutViewController.swift */ = {isa = PBXFileReference; fileEncoding = 4; lastKnownFileType = sourcecode.swift; path = BlueSTSDKAboutViewController.swift; sourceTree = "<group>"; };
		660D355B20E25B0B00E73004 /* BlueSTSDKDemoViewProtocol.swift */ = {isa = PBXFileReference; lastKnownFileType = sourcecode.swift; path = BlueSTSDKDemoViewProtocol.swift; sourceTree = "<group>"; };
		660D355D20E25E0300E73004 /* BlueSTSDKViewControllerMenuDelegate.swift */ = {isa = PBXFileReference; lastKnownFileType = sourcecode.swift; path = BlueSTSDKViewControllerMenuDelegate.swift; sourceTree = "<group>"; };
		660D355F20E267E300E73004 /* BlueSTSDKNodeListViewController.swift */ = {isa = PBXFileReference; lastKnownFileType = sourcecode.swift; path = BlueSTSDKNodeListViewController.swift; sourceTree = "<group>"; };
		660D356820E2812400E73004 /* BlueSTSDKDemoViewController.swift */ = {isa = PBXFileReference; lastKnownFileType = sourcecode.swift; path = BlueSTSDKDemoViewController.swift; sourceTree = "<group>"; };
		6614EB4D20E3743600D991B9 /* BlueSTSDKMainViewController.swift */ = {isa = PBXFileReference; fileEncoding = 4; lastKnownFileType = sourcecode.swift; name = BlueSTSDKMainViewController.swift; path = BlueSTSDK_Gui/BlueSTSDKMainViewController.swift; sourceTree = SOURCE_ROOT; };
		6614EB4F20E38C5B00D991B9 /* UIViewController+BlueSTSDK.swift */ = {isa = PBXFileReference; lastKnownFileType = sourcecode.swift; path = "UIViewController+BlueSTSDK.swift"; sourceTree = "<group>"; };
		661F5371228081FA00E342DB /* BlueSTSDKAskFwUpgradeDialog.swift */ = {isa = PBXFileReference; lastKnownFileType = sourcecode.swift; path = BlueSTSDKAskFwUpgradeDialog.swift; sourceTree = "<group>"; };
		662734C0221ED84B00405839 /* BlueNRGOtaAdvertiseParser.swift */ = {isa = PBXFileReference; fileEncoding = 4; lastKnownFileType = sourcecode.swift; path = BlueNRGOtaAdvertiseParser.swift; sourceTree = "<group>"; };
		662734C2221ED91700405839 /* BlueNRGFwUpgradeConsole.swift */ = {isa = PBXFileReference; lastKnownFileType = sourcecode.swift; path = BlueNRGFwUpgradeConsole.swift; sourceTree = "<group>"; };
		662734C4221ED93300405839 /* BlueNRGFwVersionConsole.swift */ = {isa = PBXFileReference; lastKnownFileType = sourcecode.swift; path = BlueNRGFwVersionConsole.swift; sourceTree = "<group>"; };
		662734C9221EDF7500405839 /* BlueNRGMemoryInfoFeature.swift */ = {isa = PBXFileReference; fileEncoding = 4; lastKnownFileType = sourcecode.swift; path = BlueNRGMemoryInfoFeature.swift; sourceTree = "<group>"; };
		662734CB221EDFA100405839 /* BlueNRGOtaUtils.swift */ = {isa = PBXFileReference; lastKnownFileType = sourcecode.swift; path = BlueNRGOtaUtils.swift; sourceTree = "<group>"; };
		662734DD2220235300405839 /* BlueNRGFwUpgradeSettingsFature.swift */ = {isa = PBXFileReference; lastKnownFileType = sourcecode.swift; path = BlueNRGFwUpgradeSettingsFature.swift; sourceTree = "<group>"; };
		662734DF2220406D00405839 /* BlueNRGFwUpgradeAckFature.swift */ = {isa = PBXFileReference; lastKnownFileType = sourcecode.swift; path = BlueNRGFwUpgradeAckFature.swift; sourceTree = "<group>"; };
		662734E12220408300405839 /* BlueNRGFwUpgradeDataTransferFature.swift */ = {isa = PBXFileReference; lastKnownFileType = sourcecode.swift; path = BlueNRGFwUpgradeDataTransferFature.swift; sourceTree = "<group>"; };
		6628202220DBCAB400F8B5DE /* BlueSTSDKSTM32CRC.swift */ = {isa = PBXFileReference; lastKnownFileType = sourcecode.swift; path = BlueSTSDKSTM32CRC.swift; sourceTree = "<group>"; };
		663979141E2E5D0000FBF696 /* BlueSTSDK_Gui.framework */ = {isa = PBXFileReference; explicitFileType = wrapper.framework; includeInIndex = 0; path = BlueSTSDK_Gui.framework; sourceTree = BUILT_PRODUCTS_DIR; };
		663979171E2E5D0000FBF696 /* BlueSTSDK_Gui.h */ = {isa = PBXFileReference; lastKnownFileType = sourcecode.c.h; path = BlueSTSDK_Gui.h; sourceTree = "<group>"; };
		663979181E2E5D0000FBF696 /* Info.plist */ = {isa = PBXFileReference; lastKnownFileType = text.plist.xml; path = Info.plist; sourceTree = "<group>"; };
		663979751E2E5D4100FBF696 /* board_generic.png */ = {isa = PBXFileReference; lastKnownFileType = image.png; path = board_generic.png; sourceTree = "<group>"; };
		663979761E2E5D4100FBF696 /* st_images_LanchScreen.xcassets */ = {isa = PBXFileReference; lastKnownFileType = folder.assetcatalog; path = st_images_LanchScreen.xcassets; sourceTree = "<group>"; };
		663979791E2E5D4100FBF696 /* MBProgressHUD.h */ = {isa = PBXFileReference; fileEncoding = 4; lastKnownFileType = sourcecode.c.h; path = MBProgressHUD.h; sourceTree = "<group>"; };
		6639797A1E2E5D4100FBF696 /* MBProgressHUD.m */ = {isa = PBXFileReference; fileEncoding = 4; lastKnownFileType = sourcecode.c.objc; path = MBProgressHUD.m; sourceTree = "<group>"; };
		663979CB1E2E5F9600FBF696 /* BlueSTSDK.xcodeproj */ = {isa = PBXFileReference; lastKnownFileType = "wrapper.pb-project"; name = BlueSTSDK.xcodeproj; path = ../BlueSTSDK/BlueSTSDK/BlueSTSDK.xcodeproj; sourceTree = "<group>"; };
		663979E91E2E63AC00FBF696 /* UIKit.framework */ = {isa = PBXFileReference; lastKnownFileType = wrapper.framework; name = UIKit.framework; path = System/Library/Frameworks/UIKit.framework; sourceTree = SDKROOT; };
		663FDA851F5E9670001481BC /* BlueSTSDKDownloadFileViewController.swift */ = {isa = PBXFileReference; fileEncoding = 4; lastKnownFileType = sourcecode.swift; path = BlueSTSDKDownloadFileViewController.swift; sourceTree = "<group>"; };
		664AD5DD215A79EC0039F417 /* BlueSTSDKNode+typeImage.swift */ = {isa = PBXFileReference; lastKnownFileType = sourcecode.swift; path = "BlueSTSDKNode+typeImage.swift"; sourceTree = "<group>"; };
		665A2E2720DD2557003088DD /* BlueSTSDKFwVersionReadConsole.swift */ = {isa = PBXFileReference; fileEncoding = 4; lastKnownFileType = sourcecode.swift; path = BlueSTSDKFwVersionReadConsole.swift; sourceTree = "<group>"; };
		665A2E2820DD2557003088DD /* BlueSTSDKFwVersionReadConsoleNucleo.swift */ = {isa = PBXFileReference; fileEncoding = 4; lastKnownFileType = sourcecode.swift; path = BlueSTSDKFwVersionReadConsoleNucleo.swift; sourceTree = "<group>"; };
		665A2E2B20DD2564003088DD /* BlueSTSDKFwConsoleUtil.swift */ = {isa = PBXFileReference; fileEncoding = 4; lastKnownFileType = sourcecode.swift; path = BlueSTSDKFwConsoleUtil.swift; sourceTree = "<group>"; };
		665D32561F5D468700D76AEA /* BlueSTSDKFwUpgradeProgressViewController.swift */ = {isa = PBXFileReference; fileEncoding = 4; lastKnownFileType = sourcecode.swift; path = BlueSTSDKFwUpgradeProgressViewController.swift; sourceTree = "<group>"; };
		665D325A1F5D80F900D76AEA /* BlueSTSDKFwUpgradeManagerViewController.swift */ = {isa = PBXFileReference; fileEncoding = 4; lastKnownFileType = sourcecode.swift; path = BlueSTSDKFwUpgradeManagerViewController.swift; sourceTree = "<group>"; };
		666A246A20EB39C300632764 /* BlueSTSDKDebugConsoleViewController.swift */ = {isa = PBXFileReference; lastKnownFileType = sourcecode.swift; path = BlueSTSDKDebugConsoleViewController.swift; sourceTree = "<group>"; };
		666F79CB20E0D80600A482C9 /* BlueSTSDKFwUpgradeConsole.swift */ = {isa = PBXFileReference; lastKnownFileType = sourcecode.swift; path = BlueSTSDKFwUpgradeConsole.swift; sourceTree = "<group>"; };
		666F79CF20E0DBD300A482C9 /* BlueSTSDKFwUpgradeConsoleNucleo.swift */ = {isa = PBXFileReference; lastKnownFileType = sourcecode.swift; path = BlueSTSDKFwUpgradeConsoleNucleo.swift; sourceTree = "<group>"; };
		668A12701E3A369A00D99490 /* BlueSTSDK_GUI_images.xcassets */ = {isa = PBXFileReference; lastKnownFileType = folder.assetcatalog; path = BlueSTSDK_GUI_images.xcassets; sourceTree = "<group>"; };
		66C252C122B7D620007C8D3C /* BlueSTSDKFwUpgradeConsoleNucleo2.swift */ = {isa = PBXFileReference; fileEncoding = 4; lastKnownFileType = sourcecode.swift; path = BlueSTSDKFwUpgradeConsoleNucleo2.swift; sourceTree = "<group>"; };
		66C9DFB4212AFAE9005B5633 /* STM32WBThreadRebootFeature.swift */ = {isa = PBXFileReference; lastKnownFileType = sourcecode.swift; path = STM32WBThreadRebootFeature.swift; sourceTree = "<group>"; };
		66D5FDC81EA74ADF005D8AE9 /* Base */ = {isa = PBXFileReference; lastKnownFileType = file.storyboard; name = Base; path = Base.lproj/DebugConsoleMainView.storyboard; sourceTree = "<group>"; };
		66D5FDC91EA74ADF005D8AE9 /* Base */ = {isa = PBXFileReference; lastKnownFileType = file.storyboard; name = Base; path = Base.lproj/FwUpgrade.storyboard; sourceTree = "<group>"; };
		66D5FDCB1EA74AEA005D8AE9 /* zh-Hans */ = {isa = PBXFileReference; lastKnownFileType = text.plist.strings; name = "zh-Hans"; path = "zh-Hans.lproj/DebugConsoleMainView.strings"; sourceTree = "<group>"; };
		66D5FDCC1EA74AF4005D8AE9 /* zh-Hans */ = {isa = PBXFileReference; lastKnownFileType = text.plist.strings; name = "zh-Hans"; path = "zh-Hans.lproj/FwUpgrade.strings"; sourceTree = "<group>"; };
		66D5FDD51EA76EA1005D8AE9 /* Base */ = {isa = PBXFileReference; lastKnownFileType = file.storyboard; name = Base; path = Base.lproj/BlueSTSDKMainView.storyboard; sourceTree = "<group>"; };
		66F7B42421133199000FD126 /* BlueSTSDKFwReadVersionConsoleSTM32WB.swift */ = {isa = PBXFileReference; fileEncoding = 4; lastKnownFileType = sourcecode.swift; path = BlueSTSDKFwReadVersionConsoleSTM32WB.swift; sourceTree = "<group>"; };
		66F7B42521133199000FD126 /* BlueSTSDKFwUpgradeConsoleSTM32WB.swift */ = {isa = PBXFileReference; fileEncoding = 4; lastKnownFileType = sourcecode.swift; path = BlueSTSDKFwUpgradeConsoleSTM32WB.swift; sourceTree = "<group>"; };
		66F7B42621133199000FD126 /* BlueSTSDKSTM32OTAUtils.swift */ = {isa = PBXFileReference; fileEncoding = 4; lastKnownFileType = sourcecode.swift; path = BlueSTSDKSTM32OTAUtils.swift; sourceTree = "<group>"; };
		66F7B42821133199000FD126 /* BlueSTSDKSTM32WBOTAControlFeature.swift */ = {isa = PBXFileReference; fileEncoding = 4; lastKnownFileType = sourcecode.swift; path = BlueSTSDKSTM32WBOTAControlFeature.swift; sourceTree = "<group>"; };
		66F7B42921133199000FD126 /* BlueSTSDKSTM32WBOtaUploadFeature.swift */ = {isa = PBXFileReference; fileEncoding = 4; lastKnownFileType = sourcecode.swift; path = BlueSTSDKSTM32WBOtaUploadFeature.swift; sourceTree = "<group>"; };
		66F7B42A21133199000FD126 /* BlueSTSDKSTM32WBOTAWillRebootFeature.swift */ = {isa = PBXFileReference; fileEncoding = 4; lastKnownFileType = sourcecode.swift; path = BlueSTSDKSTM32WBOTAWillRebootFeature.swift; sourceTree = "<group>"; };
		66F7B42B21133199000FD126 /* BlueSTSDKSTM32WBRebootOtaModeFeature.swift */ = {isa = PBXFileReference; fileEncoding = 4; lastKnownFileType = sourcecode.swift; path = BlueSTSDKSTM32WBRebootOtaModeFeature.swift; sourceTree = "<group>"; };
		66F7B42D21133199000FD126 /* BlueSTSDKSeachOtaNodeViewController.swift */ = {isa = PBXFileReference; fileEncoding = 4; lastKnownFileType = sourcecode.swift; path = BlueSTSDKSeachOtaNodeViewController.swift; sourceTree = "<group>"; };
		66F7B42F21133199000FD126 /* BlueSTSDKStartOtaConfigViewController.swift */ = {isa = PBXFileReference; fileEncoding = 4; lastKnownFileType = sourcecode.swift; path = BlueSTSDKStartOtaConfigViewController.swift; sourceTree = "<group>"; };
		66F7B43021133199000FD126 /* STM32WBOta.storyboard */ = {isa = PBXFileReference; fileEncoding = 4; lastKnownFileType = file.storyboard; path = STM32WBOta.storyboard; sourceTree = "<group>"; };
		66F7B43321133199000FD126 /* STM32WBControlLedFeature.swift */ = {isa = PBXFileReference; fileEncoding = 4; lastKnownFileType = sourcecode.swift; path = STM32WBControlLedFeature.swift; sourceTree = "<group>"; };
		66F7B43421133199000FD126 /* STM32WBNetworkStatusFeature.swift */ = {isa = PBXFileReference; fileEncoding = 4; lastKnownFileType = sourcecode.swift; path = STM32WBNetworkStatusFeature.swift; sourceTree = "<group>"; };
		66F7B43521133199000FD126 /* STM32WBPeer2PeerDemoConfiguration.swift */ = {isa = PBXFileReference; fileEncoding = 4; lastKnownFileType = sourcecode.swift; path = STM32WBPeer2PeerDemoConfiguration.swift; sourceTree = "<group>"; };
		66F7B43621133199000FD126 /* STM32WBSwitchStatusFeature.swift */ = {isa = PBXFileReference; fileEncoding = 4; lastKnownFileType = sourcecode.swift; path = STM32WBSwitchStatusFeature.swift; sourceTree = "<group>"; };
		66F7B43721133199000FD126 /* STM32LedButtonViewController.swift */ = {isa = PBXFileReference; fileEncoding = 4; lastKnownFileType = sourcecode.swift; path = STM32LedButtonViewController.swift; sourceTree = "<group>"; };
		66F7B43821133199000FD126 /* STM32LedNetworkViewController.swift */ = {isa = PBXFileReference; fileEncoding = 4; lastKnownFileType = sourcecode.swift; path = STM32LedNetworkViewController.swift; sourceTree = "<group>"; };
		66F7B43921133199000FD126 /* STM32RSSIUpdateViewController.swift */ = {isa = PBXFileReference; fileEncoding = 4; lastKnownFileType = sourcecode.swift; path = STM32RSSIUpdateViewController.swift; sourceTree = "<group>"; };
		66F7B43A21133199000FD126 /* STM32WB_P2PDemo.storyboard */ = {isa = PBXFileReference; fileEncoding = 4; lastKnownFileType = file.storyboard; path = STM32WB_P2PDemo.storyboard; sourceTree = "<group>"; };
		66F7B44F21133800000FD126 /* Assets.xcassets */ = {isa = PBXFileReference; lastKnownFileType = folder.assetcatalog; path = Assets.xcassets; sourceTree = "<group>"; };
		66F7B45121133DAC000FD126 /* st_images.xcassets */ = {isa = PBXFileReference; lastKnownFileType = folder.assetcatalog; path = st_images.xcassets; sourceTree = "<group>"; };
/* End PBXFileReference section */

/* Begin PBXFrameworksBuildPhase section */
		663979101E2E5D0000FBF696 /* Frameworks */ = {
			isa = PBXFrameworksBuildPhase;
			buildActionMask = 2147483647;
			files = (
				66C2AB2921C3ABA000E41E73 /* BlueSTSDK.framework in Frameworks */,
				663979EA1E2E63AC00FBF696 /* UIKit.framework in Frameworks */,
			);
			runOnlyForDeploymentPostprocessing = 0;
		};
/* End PBXFrameworksBuildPhase section */

/* Begin PBXGroup section */
		662734BE221ED84B00405839 /* BlueNRG */ = {
			isa = PBXGroup;
			children = (
				662734BF221ED84B00405839 /* fwUpgrade */,
			);
			path = BlueNRG;
			sourceTree = "<group>";
		};
		662734BF221ED84B00405839 /* fwUpgrade */ = {
			isa = PBXGroup;
			children = (
				662734C8221EDF7500405839 /* feature */,
				662734C2221ED91700405839 /* BlueNRGFwUpgradeConsole.swift */,
				662734C4221ED93300405839 /* BlueNRGFwVersionConsole.swift */,
				662734C0221ED84B00405839 /* BlueNRGOtaAdvertiseParser.swift */,
				662734CB221EDFA100405839 /* BlueNRGOtaUtils.swift */,
			);
			path = fwUpgrade;
			sourceTree = "<group>";
		};
		662734C8221EDF7500405839 /* feature */ = {
			isa = PBXGroup;
			children = (
				662734C9221EDF7500405839 /* BlueNRGMemoryInfoFeature.swift */,
				662734DD2220235300405839 /* BlueNRGFwUpgradeSettingsFature.swift */,
				662734DF2220406D00405839 /* BlueNRGFwUpgradeAckFature.swift */,
				662734E12220408300405839 /* BlueNRGFwUpgradeDataTransferFature.swift */,
			);
			path = feature;
			sourceTree = "<group>";
		};
		6639790A1E2E5D0000FBF696 = {
			isa = PBXGroup;
			children = (
				66F7B45121133DAC000FD126 /* st_images.xcassets */,
				662734BE221ED84B00405839 /* BlueNRG */,
				66F7B42221133199000FD126 /* STM32WB */,
				663979161E2E5D0000FBF696 /* BlueSTSDK_Gui */,
				663979151E2E5D0000FBF696 /* Products */,
				663979CA1E2E5F9500FBF696 /* Frameworks */,
			);
			sourceTree = "<group>";
		};
		663979151E2E5D0000FBF696 /* Products */ = {
			isa = PBXGroup;
			children = (
				663979141E2E5D0000FBF696 /* BlueSTSDK_Gui.framework */,
			);
			name = Products;
			sourceTree = "<group>";
		};
		663979161E2E5D0000FBF696 /* BlueSTSDK_Gui */ = {
			isa = PBXGroup;
			children = (
				66096AA4212BF4FB0079A5B1 /* images.xcassets */,
				668A12701E3A369A00D99490 /* BlueSTSDK_GUI_images.xcassets */,
				663979761E2E5D4100FBF696 /* st_images_LanchScreen.xcassets */,
				66D5FDD61EA76EA1005D8AE9 /* BlueSTSDKMainView.storyboard */,
				6639792C1E2E5D4100FBF696 /* DebugConsole */,
				663979301E2E5D4100FBF696 /* FwUpgrade */,
				660C82E41ECF1FFD0048F831 /* BlueSTSDKAboutViewController.swift */,
				6614EB4D20E3743600D991B9 /* BlueSTSDKMainViewController.swift */,
				660C82DE1ECF1EBC0048F831 /* BlueSTSDKLibLicenseTableViewController.swift */,
				660C82E21ECF1F5F0048F831 /* BlueSTSDKLibLicenseDetailsViewController.swift */,
				660D355B20E25B0B00E73004 /* BlueSTSDKDemoViewProtocol.swift */,
				660D355D20E25E0300E73004 /* BlueSTSDKViewControllerMenuDelegate.swift */,
				660D355F20E267E300E73004 /* BlueSTSDKNodeListViewController.swift */,
				660D356820E2812400E73004 /* BlueSTSDKDemoViewController.swift */,
				6614EB4F20E38C5B00D991B9 /* UIViewController+BlueSTSDK.swift */,
				664AD5DD215A79EC0039F417 /* BlueSTSDKNode+typeImage.swift */,
				663979171E2E5D0000FBF696 /* BlueSTSDK_Gui.h */,
				663979731E2E5D4100FBF696 /* Resources */,
				663979771E2E5D4100FBF696 /* ThirdParty */,
				663979181E2E5D0000FBF696 /* Info.plist */,
				4EDA2F1AE5338228769A193A /* Localizable.strings */,
			);
			path = BlueSTSDK_Gui;
			sourceTree = "<group>";
		};
		6639792C1E2E5D4100FBF696 /* DebugConsole */ = {
			isa = PBXGroup;
			children = (
				66D5FDBE1EA74914005D8AE9 /* DebugConsoleMainView.storyboard */,
				666A246A20EB39C300632764 /* BlueSTSDKDebugConsoleViewController.swift */,
			);
			path = DebugConsole;
			sourceTree = "<group>";
		};
		663979301E2E5D4100FBF696 /* FwUpgrade */ = {
			isa = PBXGroup;
			children = (
				66D5FDC11EA74920005D8AE9 /* FwUpgrade.storyboard */,
				663979321E2E5D4100FBF696 /* FwUpgradeConsole */,
				665A2E2620DD2557003088DD /* FwVersionRead */,
				665A2E2B20DD2564003088DD /* BlueSTSDKFwConsoleUtil.swift */,
				665D325A1F5D80F900D76AEA /* BlueSTSDKFwUpgradeManagerViewController.swift */,
				665D32561F5D468700D76AEA /* BlueSTSDKFwUpgradeProgressViewController.swift */,
				663FDA851F5E9670001481BC /* BlueSTSDKDownloadFileViewController.swift */,
				661F5371228081FA00E342DB /* BlueSTSDKAskFwUpgradeDialog.swift */,
			);
			path = FwUpgrade;
			sourceTree = "<group>";
		};
		663979321E2E5D4100FBF696 /* FwUpgradeConsole */ = {
			isa = PBXGroup;
			children = (
				663979371E2E5D4100FBF696 /* util */,
				666F79CB20E0D80600A482C9 /* BlueSTSDKFwUpgradeConsole.swift */,
				666F79CF20E0DBD300A482C9 /* BlueSTSDKFwUpgradeConsoleNucleo.swift */,
				66C252C122B7D620007C8D3C /* BlueSTSDKFwUpgradeConsoleNucleo2.swift */,
			);
			path = FwUpgradeConsole;
			sourceTree = "<group>";
		};
		663979371E2E5D4100FBF696 /* util */ = {
			isa = PBXGroup;
			children = (
				6628202220DBCAB400F8B5DE /* BlueSTSDKSTM32CRC.swift */,
			);
			path = util;
			sourceTree = "<group>";
		};
		663979731E2E5D4100FBF696 /* Resources */ = {
			isa = PBXGroup;
			children = (
				663979741E2E5D4100FBF696 /* boardImages */,
			);
			path = Resources;
			sourceTree = "<group>";
		};
		663979741E2E5D4100FBF696 /* boardImages */ = {
			isa = PBXGroup;
			children = (
				663979751E2E5D4100FBF696 /* board_generic.png */,
			);
			path = boardImages;
			sourceTree = "<group>";
		};
		663979771E2E5D4100FBF696 /* ThirdParty */ = {
			isa = PBXGroup;
			children = (
				663979781E2E5D4100FBF696 /* MBProgressHUD */,
			);
			path = ThirdParty;
			sourceTree = "<group>";
		};
		663979781E2E5D4100FBF696 /* MBProgressHUD */ = {
			isa = PBXGroup;
			children = (
				663979791E2E5D4100FBF696 /* MBProgressHUD.h */,
				6639797A1E2E5D4100FBF696 /* MBProgressHUD.m */,
			);
			path = MBProgressHUD;
			sourceTree = "<group>";
		};
		663979CA1E2E5F9500FBF696 /* Frameworks */ = {
			isa = PBXGroup;
			children = (
				663979E91E2E63AC00FBF696 /* UIKit.framework */,
				663979CB1E2E5F9600FBF696 /* BlueSTSDK.xcodeproj */,
			);
			name = Frameworks;
			sourceTree = "<group>";
		};
		663979CC1E2E5F9600FBF696 /* Products */ = {
			isa = PBXGroup;
			children = (
				663979D11E2E5F9600FBF696 /* BlueSTSDK.framework */,
				663979D31E2E5F9600FBF696 /* BlueSTSDKTests.xctest */,
			);
			name = Products;
			sourceTree = "<group>";
		};
		665A2E2620DD2557003088DD /* FwVersionRead */ = {
			isa = PBXGroup;
			children = (
				665A2E2720DD2557003088DD /* BlueSTSDKFwVersionReadConsole.swift */,
				665A2E2820DD2557003088DD /* BlueSTSDKFwVersionReadConsoleNucleo.swift */,
			);
			path = FwVersionRead;
			sourceTree = "<group>";
		};
		66F7B42221133199000FD126 /* STM32WB */ = {
			isa = PBXGroup;
			children = (
				66F7B44F21133800000FD126 /* Assets.xcassets */,
				66F7B42321133199000FD126 /* fwUpgrade */,
				66F7B43121133199000FD126 /* p2pDemo */,
			);
			path = STM32WB;
			sourceTree = "<group>";
		};
		66F7B42321133199000FD126 /* fwUpgrade */ = {
			isa = PBXGroup;
			children = (
				66F7B42421133199000FD126 /* BlueSTSDKFwReadVersionConsoleSTM32WB.swift */,
				66F7B42521133199000FD126 /* BlueSTSDKFwUpgradeConsoleSTM32WB.swift */,
				66F7B42621133199000FD126 /* BlueSTSDKSTM32OTAUtils.swift */,
				66F7B42721133199000FD126 /* feature */,
				66F7B42C21133199000FD126 /* searchOtaNode */,
				66F7B42E21133199000FD126 /* startOtaConfig */,
				66F7B43021133199000FD126 /* STM32WBOta.storyboard */,
			);
			path = fwUpgrade;
			sourceTree = "<group>";
		};
		66F7B42721133199000FD126 /* feature */ = {
			isa = PBXGroup;
			children = (
				66F7B42821133199000FD126 /* BlueSTSDKSTM32WBOTAControlFeature.swift */,
				66F7B42921133199000FD126 /* BlueSTSDKSTM32WBOtaUploadFeature.swift */,
				66F7B42A21133199000FD126 /* BlueSTSDKSTM32WBOTAWillRebootFeature.swift */,
				66F7B42B21133199000FD126 /* BlueSTSDKSTM32WBRebootOtaModeFeature.swift */,
			);
			path = feature;
			sourceTree = "<group>";
		};
		66F7B42C21133199000FD126 /* searchOtaNode */ = {
			isa = PBXGroup;
			children = (
				66F7B42D21133199000FD126 /* BlueSTSDKSeachOtaNodeViewController.swift */,
			);
			path = searchOtaNode;
			sourceTree = "<group>";
		};
		66F7B42E21133199000FD126 /* startOtaConfig */ = {
			isa = PBXGroup;
			children = (
				66F7B42F21133199000FD126 /* BlueSTSDKStartOtaConfigViewController.swift */,
			);
			path = startOtaConfig;
			sourceTree = "<group>";
		};
		66F7B43121133199000FD126 /* p2pDemo */ = {
			isa = PBXGroup;
			children = (
				66F7B43221133199000FD126 /* feature */,
				66F7B43721133199000FD126 /* STM32LedButtonViewController.swift */,
				66F7B43821133199000FD126 /* STM32LedNetworkViewController.swift */,
				66F7B43921133199000FD126 /* STM32RSSIUpdateViewController.swift */,
				66F7B43A21133199000FD126 /* STM32WB_P2PDemo.storyboard */,
			);
			path = p2pDemo;
			sourceTree = "<group>";
		};
		66F7B43221133199000FD126 /* feature */ = {
			isa = PBXGroup;
			children = (
				66F7B43321133199000FD126 /* STM32WBControlLedFeature.swift */,
				66F7B43421133199000FD126 /* STM32WBNetworkStatusFeature.swift */,
				66F7B43521133199000FD126 /* STM32WBPeer2PeerDemoConfiguration.swift */,
				66F7B43621133199000FD126 /* STM32WBSwitchStatusFeature.swift */,
				66C9DFB4212AFAE9005B5633 /* STM32WBThreadRebootFeature.swift */,
			);
			path = feature;
			sourceTree = "<group>";
		};
/* End PBXGroup section */

/* Begin PBXHeadersBuildPhase section */
		663979111E2E5D0000FBF696 /* Headers */ = {
			isa = PBXHeadersBuildPhase;
			buildActionMask = 2147483647;
			files = (
				663979C51E2E5D4100FBF696 /* MBProgressHUD.h in Headers */,
				663FDA891F5EF568001481BC /* BlueSTSDKFwUpgradeManagerViewController.swift in Headers */,
				663979191E2E5D0000FBF696 /* BlueSTSDK_Gui.h in Headers */,
			);
			runOnlyForDeploymentPostprocessing = 0;
		};
/* End PBXHeadersBuildPhase section */

/* Begin PBXNativeTarget section */
		663979131E2E5D0000FBF696 /* BlueSTSDK_Gui */ = {
			isa = PBXNativeTarget;
			buildConfigurationList = 6639791C1E2E5D0000FBF696 /* Build configuration list for PBXNativeTarget "BlueSTSDK_Gui" */;
			buildPhases = (
				6639790F1E2E5D0000FBF696 /* Sources */,
				663979101E2E5D0000FBF696 /* Frameworks */,
				663979111E2E5D0000FBF696 /* Headers */,
				663979121E2E5D0000FBF696 /* Resources */,
			);
			buildRules = (
			);
			dependencies = (
			);
			name = BlueSTSDK_Gui;
			productName = BlueSTSDK_Gui;
			productReference = 663979141E2E5D0000FBF696 /* BlueSTSDK_Gui.framework */;
			productType = "com.apple.product-type.framework";
		};
/* End PBXNativeTarget section */

/* Begin PBXProject section */
		6639790B1E2E5D0000FBF696 /* Project object */ = {
			isa = PBXProject;
			attributes = {
				LastSwiftUpdateCheck = 0830;
				LastUpgradeCheck = 0930;
				ORGANIZATIONNAME = STCentralLab;
				TargetAttributes = {
					663979131E2E5D0000FBF696 = {
						CreatedOnToolsVersion = 8.2.1;
						DevelopmentTeam = 9L4QA9SNQK;
						LastSwiftMigration = 1020;
						ProvisioningStyle = Automatic;
					};
				};
			};
			buildConfigurationList = 6639790E1E2E5D0000FBF696 /* Build configuration list for PBXProject "BlueSTSDK_Gui" */;
			compatibilityVersion = "Xcode 3.2";
			developmentRegion = en;
			hasScannedForEncodings = 0;
			knownRegions = (
				en,
				"zh-Hans",
				Base,
			);
			mainGroup = 6639790A1E2E5D0000FBF696;
			productRefGroup = 663979151E2E5D0000FBF696 /* Products */;
			projectDirPath = "";
			projectReferences = (
				{
					ProductGroup = 663979CC1E2E5F9600FBF696 /* Products */;
					ProjectRef = 663979CB1E2E5F9600FBF696 /* BlueSTSDK.xcodeproj */;
				},
			);
			projectRoot = "";
			targets = (
				663979131E2E5D0000FBF696 /* BlueSTSDK_Gui */,
			);
		};
/* End PBXProject section */

/* Begin PBXReferenceProxy section */
		663979D11E2E5F9600FBF696 /* BlueSTSDK.framework */ = {
			isa = PBXReferenceProxy;
			fileType = wrapper.framework;
			path = BlueSTSDK.framework;
			remoteRef = 663979D01E2E5F9600FBF696 /* PBXContainerItemProxy */;
			sourceTree = BUILT_PRODUCTS_DIR;
		};
		663979D31E2E5F9600FBF696 /* BlueSTSDKTests.xctest */ = {
			isa = PBXReferenceProxy;
			fileType = wrapper.cfbundle;
			path = BlueSTSDKTests.xctest;
			remoteRef = 663979D21E2E5F9600FBF696 /* PBXContainerItemProxy */;
			sourceTree = BUILT_PRODUCTS_DIR;
		};
/* End PBXReferenceProxy section */

/* Begin PBXResourcesBuildPhase section */
		663979121E2E5D0000FBF696 /* Resources */ = {
			isa = PBXResourcesBuildPhase;
			buildActionMask = 2147483647;
			files = (
				66D5FDBC1EA74914005D8AE9 /* DebugConsoleMainView.storyboard in Resources */,
				663979C31E2E5D4100FBF696 /* board_generic.png in Resources */,
				66F7B44421133199000FD126 /* STM32WBOta.storyboard in Resources */,
				66D5FDBF1EA74920005D8AE9 /* FwUpgrade.storyboard in Resources */,
				663979C41E2E5D4100FBF696 /* st_images_LanchScreen.xcassets in Resources */,
				66F7B44C21133199000FD126 /* STM32WB_P2PDemo.storyboard in Resources */,
				668A12711E3A369A00D99490 /* BlueSTSDK_GUI_images.xcassets in Resources */,
				66D5FDD41EA76EA1005D8AE9 /* BlueSTSDKMainView.storyboard in Resources */,
				66F7B45021133800000FD126 /* Assets.xcassets in Resources */,
				66096AA5212BF4FB0079A5B1 /* images.xcassets in Resources */,
				66F7B45221133DAD000FD126 /* st_images.xcassets in Resources */,
				4EDA24238FE1FD4585E02A40 /* Localizable.strings in Resources */,
			);
			runOnlyForDeploymentPostprocessing = 0;
		};
/* End PBXResourcesBuildPhase section */

/* Begin PBXSourcesBuildPhase section */
		6639790F1E2E5D0000FBF696 /* Sources */ = {
			isa = PBXSourcesBuildPhase;
			buildActionMask = 2147483647;
			files = (
				662734C5221ED93300405839 /* BlueNRGFwVersionConsole.swift in Sources */,
				660C82E51ECF1FFD0048F831 /* BlueSTSDKAboutViewController.swift in Sources */,
				66C252C422B7D620007C8D3C /* BlueSTSDKFwUpgradeConsoleNucleo2.swift in Sources */,
				660C82E31ECF1F5F0048F831 /* BlueSTSDKLibLicenseDetailsViewController.swift in Sources */,
				661F5372228081FA00E342DB /* BlueSTSDKAskFwUpgradeDialog.swift in Sources */,
				66F7B44B21133199000FD126 /* STM32RSSIUpdateViewController.swift in Sources */,
				660D356920E2812400E73004 /* BlueSTSDKDemoViewController.swift in Sources */,
				66F7B44121133199000FD126 /* BlueSTSDKSTM32WBRebootOtaModeFeature.swift in Sources */,
				662734CC221EDFA100405839 /* BlueNRGOtaUtils.swift in Sources */,
				66F7B44821133199000FD126 /* STM32WBSwitchStatusFeature.swift in Sources */,
				6614EB4E20E3743600D991B9 /* BlueSTSDKMainViewController.swift in Sources */,
				664AD5DE215A79EC0039F417 /* BlueSTSDKNode+typeImage.swift in Sources */,
				66C9DFB5212AFAE9005B5633 /* STM32WBThreadRebootFeature.swift in Sources */,
				660C82DF1ECF1EBC0048F831 /* BlueSTSDKLibLicenseTableViewController.swift in Sources */,
				6614EB5020E38C5B00D991B9 /* UIViewController+BlueSTSDK.swift in Sources */,
				66F7B43E21133199000FD126 /* BlueSTSDKSTM32WBOTAControlFeature.swift in Sources */,
				66F7B44A21133199000FD126 /* STM32LedNetworkViewController.swift in Sources */,
				660D356020E267E300E73004 /* BlueSTSDKNodeListViewController.swift in Sources */,
				665A2E2920DD2557003088DD /* BlueSTSDKFwVersionReadConsole.swift in Sources */,
				662734E22220408300405839 /* BlueNRGFwUpgradeDataTransferFature.swift in Sources */,
				66F7B43F21133199000FD126 /* BlueSTSDKSTM32WBOtaUploadFeature.swift in Sources */,
				662734E02220406D00405839 /* BlueNRGFwUpgradeAckFature.swift in Sources */,
				666F79CC20E0D80600A482C9 /* BlueSTSDKFwUpgradeConsole.swift in Sources */,
				662734DE2220235300405839 /* BlueNRGFwUpgradeSettingsFature.swift in Sources */,
				660D355C20E25B0B00E73004 /* BlueSTSDKDemoViewProtocol.swift in Sources */,
				663FDA861F5E9670001481BC /* BlueSTSDKDownloadFileViewController.swift in Sources */,
				66F7B44621133199000FD126 /* STM32WBNetworkStatusFeature.swift in Sources */,
				66F7B44221133199000FD126 /* BlueSTSDKSeachOtaNodeViewController.swift in Sources */,
				665A2E2A20DD2557003088DD /* BlueSTSDKFwVersionReadConsoleNucleo.swift in Sources */,
				662734CA221EDF7500405839 /* BlueNRGMemoryInfoFeature.swift in Sources */,
				66F7B44921133199000FD126 /* STM32LedButtonViewController.swift in Sources */,
				66F7B43B21133199000FD126 /* BlueSTSDKFwReadVersionConsoleSTM32WB.swift in Sources */,
				663979C61E2E5D4100FBF696 /* MBProgressHUD.m in Sources */,
				666F79D020E0DBD300A482C9 /* BlueSTSDKFwUpgradeConsoleNucleo.swift in Sources */,
				6628202320DBCAB400F8B5DE /* BlueSTSDKSTM32CRC.swift in Sources */,
				66F7B43D21133199000FD126 /* BlueSTSDKSTM32OTAUtils.swift in Sources */,
				66F7B43C21133199000FD126 /* BlueSTSDKFwUpgradeConsoleSTM32WB.swift in Sources */,
				665A2E2C20DD2564003088DD /* BlueSTSDKFwConsoleUtil.swift in Sources */,
				66F7B44021133199000FD126 /* BlueSTSDKSTM32WBOTAWillRebootFeature.swift in Sources */,
				660D355E20E25E0300E73004 /* BlueSTSDKViewControllerMenuDelegate.swift in Sources */,
				666A246B20EB39C300632764 /* BlueSTSDKDebugConsoleViewController.swift in Sources */,
				66F7B44721133199000FD126 /* STM32WBPeer2PeerDemoConfiguration.swift in Sources */,
				66F7B44321133199000FD126 /* BlueSTSDKStartOtaConfigViewController.swift in Sources */,
				66F7B44521133199000FD126 /* STM32WBControlLedFeature.swift in Sources */,
				662734C1221ED84B00405839 /* BlueNRGOtaAdvertiseParser.swift in Sources */,
				665D32571F5D468700D76AEA /* BlueSTSDKFwUpgradeProgressViewController.swift in Sources */,
				665D325B1F5D80F900D76AEA /* BlueSTSDKFwUpgradeManagerViewController.swift in Sources */,
				662734C3221ED91700405839 /* BlueNRGFwUpgradeConsole.swift in Sources */,
			);
			runOnlyForDeploymentPostprocessing = 0;
		};
/* End PBXSourcesBuildPhase section */

/* Begin PBXVariantGroup section */
		66D5FDBE1EA74914005D8AE9 /* DebugConsoleMainView.storyboard */ = {
			isa = PBXVariantGroup;
			children = (
				66D5FDC81EA74ADF005D8AE9 /* Base */,
				66D5FDCB1EA74AEA005D8AE9 /* zh-Hans */,
			);
			name = DebugConsoleMainView.storyboard;
			sourceTree = "<group>";
		};
		66D5FDC11EA74920005D8AE9 /* FwUpgrade.storyboard */ = {
			isa = PBXVariantGroup;
			children = (
				66D5FDC91EA74ADF005D8AE9 /* Base */,
				66D5FDCC1EA74AF4005D8AE9 /* zh-Hans */,
			);
			name = FwUpgrade.storyboard;
			sourceTree = "<group>";
		};
		66D5FDD61EA76EA1005D8AE9 /* BlueSTSDKMainView.storyboard */ = {
			isa = PBXVariantGroup;
			children = (
				66D5FDD51EA76EA1005D8AE9 /* Base */,
			);
			name = BlueSTSDKMainView.storyboard;
			sourceTree = "<group>";
		};
/* End PBXVariantGroup section */

/* Begin XCBuildConfiguration section */
		6639791A1E2E5D0000FBF696 /* Debug */ = {
			isa = XCBuildConfiguration;
			buildSettings = {
				ALWAYS_SEARCH_USER_PATHS = NO;
				CLANG_ANALYZER_LOCALIZABILITY_NONLOCALIZED = YES;
				CLANG_ANALYZER_NONNULL = YES;
				CLANG_CXX_LANGUAGE_STANDARD = "gnu++0x";
				CLANG_CXX_LIBRARY = "libc++";
				CLANG_ENABLE_MODULES = YES;
				CLANG_ENABLE_OBJC_ARC = YES;
				CLANG_WARN_BLOCK_CAPTURE_AUTORELEASING = YES;
				CLANG_WARN_BOOL_CONVERSION = YES;
				CLANG_WARN_COMMA = YES;
				CLANG_WARN_CONSTANT_CONVERSION = YES;
				CLANG_WARN_DEPRECATED_OBJC_IMPLEMENTATIONS = YES;
				CLANG_WARN_DIRECT_OBJC_ISA_USAGE = YES_ERROR;
				CLANG_WARN_DOCUMENTATION_COMMENTS = YES;
				CLANG_WARN_EMPTY_BODY = YES;
				CLANG_WARN_ENUM_CONVERSION = YES;
				CLANG_WARN_INFINITE_RECURSION = YES;
				CLANG_WARN_INT_CONVERSION = YES;
				CLANG_WARN_NON_LITERAL_NULL_CONVERSION = YES;
				CLANG_WARN_OBJC_IMPLICIT_RETAIN_SELF = YES;
				CLANG_WARN_OBJC_LITERAL_CONVERSION = YES;
				CLANG_WARN_OBJC_ROOT_CLASS = YES_ERROR;
				CLANG_WARN_RANGE_LOOP_ANALYSIS = YES;
				CLANG_WARN_STRICT_PROTOTYPES = YES;
				CLANG_WARN_SUSPICIOUS_MOVE = YES;
				CLANG_WARN_UNREACHABLE_CODE = YES;
				CLANG_WARN__DUPLICATE_METHOD_MATCH = YES;
				"CODE_SIGN_IDENTITY[sdk=iphoneos*]" = "iPhone Developer";
				COPY_PHASE_STRIP = NO;
				CURRENT_PROJECT_VERSION = 1;
				DEBUG_INFORMATION_FORMAT = dwarf;
				ENABLE_STRICT_OBJC_MSGSEND = YES;
				ENABLE_TESTABILITY = YES;
				GCC_C_LANGUAGE_STANDARD = gnu99;
				GCC_DYNAMIC_NO_PIC = NO;
				GCC_NO_COMMON_BLOCKS = YES;
				GCC_OPTIMIZATION_LEVEL = 0;
				GCC_PREPROCESSOR_DEFINITIONS = (
					"DEBUG=1",
					"$(inherited)",
				);
				GCC_WARN_64_TO_32_BIT_CONVERSION = YES;
				GCC_WARN_ABOUT_RETURN_TYPE = YES_ERROR;
				GCC_WARN_UNDECLARED_SELECTOR = YES;
				GCC_WARN_UNINITIALIZED_AUTOS = YES_AGGRESSIVE;
				GCC_WARN_UNUSED_FUNCTION = YES;
				GCC_WARN_UNUSED_VARIABLE = YES;
				IPHONEOS_DEPLOYMENT_TARGET = 9.0;
				MTL_ENABLE_DEBUG_INFO = YES;
				ONLY_ACTIVE_ARCH = YES;
				SDKROOT = iphoneos;
				TARGETED_DEVICE_FAMILY = "1,2";
				VERSIONING_SYSTEM = "apple-generic";
				VERSION_INFO_PREFIX = "";
			};
			name = Debug;
		};
		6639791B1E2E5D0000FBF696 /* Release */ = {
			isa = XCBuildConfiguration;
			buildSettings = {
				ALWAYS_SEARCH_USER_PATHS = NO;
				CLANG_ANALYZER_LOCALIZABILITY_NONLOCALIZED = YES;
				CLANG_ANALYZER_NONNULL = YES;
				CLANG_CXX_LANGUAGE_STANDARD = "gnu++0x";
				CLANG_CXX_LIBRARY = "libc++";
				CLANG_ENABLE_MODULES = YES;
				CLANG_ENABLE_OBJC_ARC = YES;
				CLANG_WARN_BLOCK_CAPTURE_AUTORELEASING = YES;
				CLANG_WARN_BOOL_CONVERSION = YES;
				CLANG_WARN_COMMA = YES;
				CLANG_WARN_CONSTANT_CONVERSION = YES;
				CLANG_WARN_DEPRECATED_OBJC_IMPLEMENTATIONS = YES;
				CLANG_WARN_DIRECT_OBJC_ISA_USAGE = YES_ERROR;
				CLANG_WARN_DOCUMENTATION_COMMENTS = YES;
				CLANG_WARN_EMPTY_BODY = YES;
				CLANG_WARN_ENUM_CONVERSION = YES;
				CLANG_WARN_INFINITE_RECURSION = YES;
				CLANG_WARN_INT_CONVERSION = YES;
				CLANG_WARN_NON_LITERAL_NULL_CONVERSION = YES;
				CLANG_WARN_OBJC_IMPLICIT_RETAIN_SELF = YES;
				CLANG_WARN_OBJC_LITERAL_CONVERSION = YES;
				CLANG_WARN_OBJC_ROOT_CLASS = YES_ERROR;
				CLANG_WARN_RANGE_LOOP_ANALYSIS = YES;
				CLANG_WARN_STRICT_PROTOTYPES = YES;
				CLANG_WARN_SUSPICIOUS_MOVE = YES;
				CLANG_WARN_UNREACHABLE_CODE = YES;
				CLANG_WARN__DUPLICATE_METHOD_MATCH = YES;
				"CODE_SIGN_IDENTITY[sdk=iphoneos*]" = "iPhone Developer";
				COPY_PHASE_STRIP = NO;
				CURRENT_PROJECT_VERSION = 1;
				DEBUG_INFORMATION_FORMAT = "dwarf-with-dsym";
				ENABLE_NS_ASSERTIONS = NO;
				ENABLE_STRICT_OBJC_MSGSEND = YES;
				GCC_C_LANGUAGE_STANDARD = gnu99;
				GCC_NO_COMMON_BLOCKS = YES;
				GCC_WARN_64_TO_32_BIT_CONVERSION = YES;
				GCC_WARN_ABOUT_RETURN_TYPE = YES_ERROR;
				GCC_WARN_UNDECLARED_SELECTOR = YES;
				GCC_WARN_UNINITIALIZED_AUTOS = YES_AGGRESSIVE;
				GCC_WARN_UNUSED_FUNCTION = YES;
				GCC_WARN_UNUSED_VARIABLE = YES;
				IPHONEOS_DEPLOYMENT_TARGET = 9.0;
				MTL_ENABLE_DEBUG_INFO = NO;
				SDKROOT = iphoneos;
				SWIFT_OPTIMIZATION_LEVEL = "-Owholemodule";
				TARGETED_DEVICE_FAMILY = "1,2";
				VALIDATE_PRODUCT = YES;
				VERSIONING_SYSTEM = "apple-generic";
				VERSION_INFO_PREFIX = "";
			};
			name = Release;
		};
		6639791D1E2E5D0000FBF696 /* Debug */ = {
			isa = XCBuildConfiguration;
			buildSettings = {
				CLANG_ENABLE_MODULES = YES;
				CODE_SIGN_IDENTITY = "";
				DEFINES_MODULE = YES;
				DEVELOPMENT_TEAM = 9L4QA9SNQK;
				DYLIB_COMPATIBILITY_VERSION = 1;
				DYLIB_CURRENT_VERSION = 1;
				DYLIB_INSTALL_NAME_BASE = "@rpath";
				INFOPLIST_FILE = BlueSTSDK_Gui/Info.plist;
				INSTALL_PATH = "$(LOCAL_LIBRARY_DIR)/Frameworks";
				IPHONEOS_DEPLOYMENT_TARGET = 10.0;
				LD_RUNPATH_SEARCH_PATHS = "$(inherited) @executable_path/Frameworks @loader_path/Frameworks";
				LIBRARY_SEARCH_PATHS = "$(inherited)";
				ONLY_ACTIVE_ARCH = NO;
				PRODUCT_BUNDLE_IDENTIFIER = "com.st.clab.BlueSTSDK-Gui";
				PRODUCT_NAME = "$(TARGET_NAME)";
				SKIP_INSTALL = YES;
				SUPPORTS_MACCATALYST = NO;
				SWIFT_OBJC_BRIDGING_HEADER = "";
				SWIFT_OPTIMIZATION_LEVEL = "-Onone";
				SWIFT_VERSION = 5.0;
				VALID_ARCHS = "arm64 arm64e";
			};
			name = Debug;
		};
		6639791E1E2E5D0000FBF696 /* Release */ = {
			isa = XCBuildConfiguration;
			buildSettings = {
				CLANG_ENABLE_MODULES = YES;
				CODE_SIGN_IDENTITY = "";
				DEFINES_MODULE = YES;
				DEVELOPMENT_TEAM = 9L4QA9SNQK;
				DYLIB_COMPATIBILITY_VERSION = 1;
				DYLIB_CURRENT_VERSION = 1;
				DYLIB_INSTALL_NAME_BASE = "@rpath";
				INFOPLIST_FILE = BlueSTSDK_Gui/Info.plist;
				INSTALL_PATH = "$(LOCAL_LIBRARY_DIR)/Frameworks";
				IPHONEOS_DEPLOYMENT_TARGET = 10.0;
				LD_RUNPATH_SEARCH_PATHS = "$(inherited) @executable_path/Frameworks @loader_path/Frameworks";
				LIBRARY_SEARCH_PATHS = "$(inherited)";
				PRODUCT_BUNDLE_IDENTIFIER = "com.st.clab.BlueSTSDK-Gui";
				PRODUCT_NAME = "$(TARGET_NAME)";
				SKIP_INSTALL = YES;
				SUPPORTS_MACCATALYST = NO;
				SWIFT_OBJC_BRIDGING_HEADER = "";
				SWIFT_VERSION = 5.0;
				VALID_ARCHS = "arm64 arm64e";
			};
			name = Release;
		};
/* End XCBuildConfiguration section */

/* Begin XCConfigurationList section */
		6639790E1E2E5D0000FBF696 /* Build configuration list for PBXProject "BlueSTSDK_Gui" */ = {
			isa = XCConfigurationList;
			buildConfigurations = (
				6639791A1E2E5D0000FBF696 /* Debug */,
				6639791B1E2E5D0000FBF696 /* Release */,
			);
			defaultConfigurationIsVisible = 0;
			defaultConfigurationName = Release;
		};
		6639791C1E2E5D0000FBF696 /* Build configuration list for PBXNativeTarget "BlueSTSDK_Gui" */ = {
			isa = XCConfigurationList;
			buildConfigurations = (
				6639791D1E2E5D0000FBF696 /* Debug */,
				6639791E1E2E5D0000FBF696 /* Release */,
			);
			defaultConfigurationIsVisible = 0;
			defaultConfigurationName = Release;
		};
/* End XCConfigurationList section */
	};
	rootObject = 6639790B1E2E5D0000FBF696 /* Project object */;
}
